
Microsoft Visual Studio Solution File, Format Version 12.00
# Visual Studio 15
VisualStudioVersion = 15.0.33026.149
MinimumVisualStudioVersion = 10.0.40219.1
Project("{FAE04EC0-301F-11D3-BF4B-00C04F79EFBC}") = "PinkmanLibrary", "PinkmanLibrary\PinkmanLibrary.csproj", "{7175D36A-DD00-424D-8D20-2D2A19A51048}"
EndProject
Project("{FAE04EC0-301F-11D3-BF4B-00C04F79EFBC}") = "PinkmanUserInterface", "PinkmanUserInterface\PinkmanUserInterface.csproj", "{06CF2155-8455-4753-815A-572557A91423}"
EndProject
Global
	GlobalSection(SolutionConfigurationPlatforms) = preSolution
		Debug|Any CPU = Debug|Any CPU
		Release|Any CPU = Release|Any CPU
	EndGlobalSection
	GlobalSection(ProjectConfigurationPlatforms) = postSolution
		{7175D36A-DD00-424D-8D20-2D2A19A51048}.Debug|Any CPU.ActiveCfg = Debug|Any CPU
		{7175D36A-DD00-424D-8D20-2D2A19A51048}.Debug|Any CPU.Build.0 = Debug|Any CPU
		{7175D36A-DD00-424D-8D20-2D2A19A51048}.Release|Any CPU.ActiveCfg = Release|Any CPU
		{7175D36A-DD00-424D-8D20-2D2A19A51048}.Release|Any CPU.Build.0 = Release|Any CPU
		{06CF2155-8455-4753-815A-572557A91423}.Debug|Any CPU.ActiveCfg = Debug|Any CPU
		{06CF2155-8455-4753-815A-572557A91423}.Debug|Any CPU.Build.0 = Debug|Any CPU
		{06CF2155-8455-4753-815A-572557A91423}.Release|Any CPU.ActiveCfg = Release|Any CPU
		{06CF2155-8455-4753-815A-572557A91423}.Release|Any CPU.Build.0 = Release|Any CPU
	EndGlobalSection
	GlobalSection(SolutionProperties) = preSolution
		HideSolutionNode = FALSE
	EndGlobalSection
	GlobalSection(ExtensibilityGlobals) = postSolution
		SolutionGuid = {ECE7D1CD-FE73-4D1C-8318-C760DC16F6B5}
	EndGlobalSection
EndGlobal
